
Microsoft Visual Studio Solution File, Format Version 12.00
# Visual Studio Version 16
VisualStudioVersion = 16.0.30907.101
MinimumVisualStudioVersion = 10.0.40219.1
Project("{FAE04EC0-301F-11D3-BF4B-00C04F79EFBC}") = "TweedeProject", "TweedeProject\TweedeProject.csproj", "{228FC5C3-F43F-4290-BC01-B84E5AB0B4DE}"
EndProject
Global
	GlobalSection(SolutionConfigurationPlatforms) = preSolution
		Debug|Any CPU = Debug|Any CPU
		Release|Any CPU = Release|Any CPU
	EndGlobalSection
	GlobalSection(ProjectConfigurationPlatforms) = postSolution
		{228FC5C3-F43F-4290-BC01-B84E5AB0B4DE}.Debug|Any CPU.ActiveCfg = Debug|Any CPU
		{228FC5C3-F43F-4290-BC01-B84E5AB0B4DE}.Debug|Any CPU.Build.0 = Debug|Any CPU
		{228FC5C3-F43F-4290-BC01-B84E5AB0B4DE}.Release|Any CPU.ActiveCfg = Release|Any CPU
		{228FC5C3-F43F-4290-BC01-B84E5AB0B4DE}.Release|Any CPU.Build.0 = Release|Any CPU
	EndGlobalSection
	GlobalSection(SolutionProperties) = preSolution
		HideSolutionNode = FALSE
	EndGlobalSection
	GlobalSection(ExtensibilityGlobals) = postSolution
		SolutionGuid = {A1CE207A-A6DA-45B6-826B-55E016C6BF71}
	EndGlobalSection
EndGlobal
